
Microsoft Visual Studio Solution File, Format Version 12.00
# Visual Studio Version 17
VisualStudioVersion = 17.11.35327.3
MinimumVisualStudioVersion = 10.0.40219.1
Project("{9A19103F-16F7-4668-BE54-9A1E7A4F7556}") = "DatsuEditor", "DatsuEditor\DatsuEditor.csproj", "{7B056C64-D784-4FD9-8EEA-0A83B492C375}"
EndProject
Project("{9A19103F-16F7-4668-BE54-9A1E7A4F7556}") = "ZanLibrary", "ZanLibrary\ZanLibrary.csproj", "{6D6938A3-866C-4EBE-84E4-B113332FE95B}"
EndProject
Project("{9A19103F-16F7-4668-BE54-9A1E7A4F7556}") = "ZanLibraryTests", "ZanLibraryTests\ZanLibraryTests.csproj", "{48514AE8-1352-4048-9966-3EC9931EF2AA}"
EndProject
Global
	GlobalSection(SolutionConfigurationPlatforms) = preSolution
		Debug|Any CPU = Debug|Any CPU
		Release|Any CPU = Release|Any CPU
	EndGlobalSection
	GlobalSection(ProjectConfigurationPlatforms) = postSolution
		{7B056C64-D784-4FD9-8EEA-0A83B492C375}.Debug|Any CPU.ActiveCfg = Debug|Any CPU
		{7B056C64-D784-4FD9-8EEA-0A83B492C375}.Debug|Any CPU.Build.0 = Debug|Any CPU
		{7B056C64-D784-4FD9-8EEA-0A83B492C375}.Release|Any CPU.ActiveCfg = Release|Any CPU
		{7B056C64-D784-4FD9-8EEA-0A83B492C375}.Release|Any CPU.Build.0 = Release|Any CPU
		{6D6938A3-866C-4EBE-84E4-B113332FE95B}.Debug|Any CPU.ActiveCfg = Debug|Any CPU
		{6D6938A3-866C-4EBE-84E4-B113332FE95B}.Debug|Any CPU.Build.0 = Debug|Any CPU
		{6D6938A3-866C-4EBE-84E4-B113332FE95B}.Release|Any CPU.ActiveCfg = Release|Any CPU
		{6D6938A3-866C-4EBE-84E4-B113332FE95B}.Release|Any CPU.Build.0 = Release|Any CPU
		{48514AE8-1352-4048-9966-3EC9931EF2AA}.Debug|Any CPU.ActiveCfg = Debug|Any CPU
		{48514AE8-1352-4048-9966-3EC9931EF2AA}.Debug|Any CPU.Build.0 = Debug|Any CPU
		{48514AE8-1352-4048-9966-3EC9931EF2AA}.Release|Any CPU.ActiveCfg = Release|Any CPU
		{48514AE8-1352-4048-9966-3EC9931EF2AA}.Release|Any CPU.Build.0 = Release|Any CPU
	EndGlobalSection
	GlobalSection(SolutionProperties) = preSolution
		HideSolutionNode = FALSE
	EndGlobalSection
	GlobalSection(ExtensibilityGlobals) = postSolution
		SolutionGuid = {53399C7D-1F4A-401E-8FD0-4D47F2F7F955}
	EndGlobalSection
EndGlobal
